// !$*UTF8*$!
{
	archiveVersion = 1;
	classes = {
	};
	objectVersion = 50;
	objects = {

/* Begin PBXBuildFile section */
		147242DE2084568300B38EE2 /* CategoryViewController.swift in Sources */ = {isa = PBXBuildFile; fileRef = 147242DD2084568300B38EE2 /* CategoryViewController.swift */; };
		14D35CF3207DC49500DE6C6C /* AppDelegate.swift in Sources */ = {isa = PBXBuildFile; fileRef = 14D35CF2207DC49500DE6C6C /* AppDelegate.swift */; };
		14D35CF5207DC49500DE6C6C /* TodoListViewController.swift in Sources */ = {isa = PBXBuildFile; fileRef = 14D35CF4207DC49500DE6C6C /* TodoListViewController.swift */; };
		14D35CF8207DC49500DE6C6C /* Main.storyboard in Resources */ = {isa = PBXBuildFile; fileRef = 14D35CF6207DC49500DE6C6C /* Main.storyboard */; };
		14D35CFA207DC49600DE6C6C /* Assets.xcassets in Resources */ = {isa = PBXBuildFile; fileRef = 14D35CF9207DC49600DE6C6C /* Assets.xcassets */; };
		14D35CFD207DC49600DE6C6C /* LaunchScreen.storyboard in Resources */ = {isa = PBXBuildFile; fileRef = 14D35CFB207DC49600DE6C6C /* LaunchScreen.storyboard */; };
		14F23865207F27CC005E51AA /* DataModel.xcdatamodeld in Sources */ = {isa = PBXBuildFile; fileRef = 14F23863207F27CC005E51AA /* DataModel.xcdatamodeld */; };
		440BA7F8803D042105BAEED1 /* Pods_ToDo.framework in Frameworks */ = {isa = PBXBuildFile; fileRef = 47BF06632F10C7BD2046E0B5 /* Pods_ToDo.framework */; };
/* End PBXBuildFile section */

/* Begin PBXFileReference section */
		147242DD2084568300B38EE2 /* CategoryViewController.swift */ = {isa = PBXFileReference; lastKnownFileType = sourcecode.swift; path = CategoryViewController.swift; sourceTree = "<group>"; };
		14D35CEF207DC49500DE6C6C /* ToDo.app */ = {isa = PBXFileReference; explicitFileType = wrapper.application; includeInIndex = 0; path = ToDo.app; sourceTree = BUILT_PRODUCTS_DIR; };
		14D35CF2207DC49500DE6C6C /* AppDelegate.swift */ = {isa = PBXFileReference; lastKnownFileType = sourcecode.swift; path = AppDelegate.swift; sourceTree = "<group>"; };
		14D35CF4207DC49500DE6C6C /* TodoListViewController.swift */ = {isa = PBXFileReference; lastKnownFileType = sourcecode.swift; path = TodoListViewController.swift; sourceTree = "<group>"; };
		14D35CF7207DC49500DE6C6C /* Base */ = {isa = PBXFileReference; lastKnownFileType = file.storyboard; name = Base; path = Base.lproj/Main.storyboard; sourceTree = "<group>"; };
		14D35CF9207DC49600DE6C6C /* Assets.xcassets */ = {isa = PBXFileReference; lastKnownFileType = folder.assetcatalog; path = Assets.xcassets; sourceTree = "<group>"; };
		14D35CFC207DC49600DE6C6C /* Base */ = {isa = PBXFileReference; lastKnownFileType = file.storyboard; name = Base; path = Base.lproj/LaunchScreen.storyboard; sourceTree = "<group>"; };
		14D35CFE207DC49600DE6C6C /* Info.plist */ = {isa = PBXFileReference; lastKnownFileType = text.plist.xml; path = Info.plist; sourceTree = "<group>"; };
		14F23864207F27CC005E51AA /* DataModel.xcdatamodel */ = {isa = PBXFileReference; lastKnownFileType = wrapper.xcdatamodel; path = DataModel.xcdatamodel; sourceTree = "<group>"; };
		47BF06632F10C7BD2046E0B5 /* Pods_ToDo.framework */ = {isa = PBXFileReference; explicitFileType = wrapper.framework; includeInIndex = 0; path = Pods_ToDo.framework; sourceTree = BUILT_PRODUCTS_DIR; };
		64E25F1427756B0D9FEE42FD /* Pods-ToDo.release.xcconfig */ = {isa = PBXFileReference; includeInIndex = 1; lastKnownFileType = text.xcconfig; name = "Pods-ToDo.release.xcconfig"; path = "Pods/Target Support Files/Pods-ToDo/Pods-ToDo.release.xcconfig"; sourceTree = "<group>"; };
		7770E9B92078D8C84875ED82 /* Pods-ToDo.debug.xcconfig */ = {isa = PBXFileReference; includeInIndex = 1; lastKnownFileType = text.xcconfig; name = "Pods-ToDo.debug.xcconfig"; path = "Pods/Target Support Files/Pods-ToDo/Pods-ToDo.debug.xcconfig"; sourceTree = "<group>"; };
/* End PBXFileReference section */

/* Begin PBXFrameworksBuildPhase section */
		14D35CEC207DC49500DE6C6C /* Frameworks */ = {
			isa = PBXFrameworksBuildPhase;
			buildActionMask = 2147483647;
			files = (
				440BA7F8803D042105BAEED1 /* Pods_ToDo.framework in Frameworks */,
			);
			runOnlyForDeploymentPostprocessing = 0;
		};
/* End PBXFrameworksBuildPhase section */

/* Begin PBXGroup section */
		14D35CE6207DC49500DE6C6C = {
			isa = PBXGroup;
			children = (
				14D35CF1207DC49500DE6C6C /* ToDo */,
				14D35CF0207DC49500DE6C6C /* Products */,
				5E819449EEC60633BDC722DF /* Pods */,
				A4A5436CA6AC42BA555F73D3 /* Frameworks */,
			);
			sourceTree = "<group>";
		};
		14D35CF0207DC49500DE6C6C /* Products */ = {
			isa = PBXGroup;
			children = (
				14D35CEF207DC49500DE6C6C /* ToDo.app */,
			);
			name = Products;
			sourceTree = "<group>";
		};
		14D35CF1207DC49500DE6C6C /* ToDo */ = {
			isa = PBXGroup;
			children = (
				14D35CF2207DC49500DE6C6C /* AppDelegate.swift */,
				14F2385D207F1191005E51AA /* Model */,
				14F23860207F122E005E51AA /* Controller */,
				14F23861207F124F005E51AA /* View */,
				14F23862207F1260005E51AA /* Supporting files  */,
				14D35CFE207DC49600DE6C6C /* Info.plist */,
			);
			path = ToDo;
			sourceTree = "<group>";
		};
		14F2385D207F1191005E51AA /* Model */ = {
			isa = PBXGroup;
			children = (
				14F23863207F27CC005E51AA /* DataModel.xcdatamodeld */,
			);
			path = Model;
			sourceTree = "<group>";
		};
		14F23860207F122E005E51AA /* Controller */ = {
			isa = PBXGroup;
			children = (
				147242DD2084568300B38EE2 /* CategoryViewController.swift */,
				14D35CF4207DC49500DE6C6C /* TodoListViewController.swift */,
			);
			path = Controller;
			sourceTree = "<group>";
		};
		14F23861207F124F005E51AA /* View */ = {
			isa = PBXGroup;
			children = (
				14D35CF6207DC49500DE6C6C /* Main.storyboard */,
			);
			path = View;
			sourceTree = "<group>";
		};
		14F23862207F1260005E51AA /* Supporting files  */ = {
			isa = PBXGroup;
			children = (
				14D35CF9207DC49600DE6C6C /* Assets.xcassets */,
				14D35CFB207DC49600DE6C6C /* LaunchScreen.storyboard */,
			);
			path = "Supporting files ";
			sourceTree = "<group>";
		};
		5E819449EEC60633BDC722DF /* Pods */ = {
			isa = PBXGroup;
			children = (
				7770E9B92078D8C84875ED82 /* Pods-ToDo.debug.xcconfig */,
				64E25F1427756B0D9FEE42FD /* Pods-ToDo.release.xcconfig */,
			);
			name = Pods;
			sourceTree = "<group>";
		};
		A4A5436CA6AC42BA555F73D3 /* Frameworks */ = {
			isa = PBXGroup;
			children = (
				47BF06632F10C7BD2046E0B5 /* Pods_ToDo.framework */,
			);
			name = Frameworks;
			sourceTree = "<group>";
		};
/* End PBXGroup section */

/* Begin PBXNativeTarget section */
		14D35CEE207DC49500DE6C6C /* ToDo */ = {
			isa = PBXNativeTarget;
			buildConfigurationList = 14D35D01207DC49600DE6C6C /* Build configuration list for PBXNativeTarget "ToDo" */;
			buildPhases = (
				DD01D07B8FC3A2AC260AB032 /* [CP] Check Pods Manifest.lock */,
				14D35CEB207DC49500DE6C6C /* Sources */,
				14D35CEC207DC49500DE6C6C /* Frameworks */,
				14D35CED207DC49500DE6C6C /* Resources */,
				3F5F330CD7D6B26319E96773 /* [CP] Embed Pods Frameworks */,
				5F11592A50CDE2942EB91605 /* [CP] Copy Pods Resources */,
			);
			buildRules = (
			);
			dependencies = (
			);
			name = ToDo;
			productName = ToDo;
			productReference = 14D35CEF207DC49500DE6C6C /* ToDo.app */;
			productType = "com.apple.product-type.application";
		};
/* End PBXNativeTarget section */

/* Begin PBXProject section */
		14D35CE7207DC49500DE6C6C /* Project object */ = {
			isa = PBXProject;
			attributes = {
				LastSwiftUpdateCheck = 0930;
				LastUpgradeCheck = 0930;
				ORGANIZATIONNAME = "Apurva Patel";
				TargetAttributes = {
					14D35CEE207DC49500DE6C6C = {
						CreatedOnToolsVersion = 9.3;
					};
				};
			};
			buildConfigurationList = 14D35CEA207DC49500DE6C6C /* Build configuration list for PBXProject "ToDo" */;
			compatibilityVersion = "Xcode 9.3";
			developmentRegion = en;
			hasScannedForEncodings = 0;
			knownRegions = (
				en,
				Base,
			);
			mainGroup = 14D35CE6207DC49500DE6C6C;
			productRefGroup = 14D35CF0207DC49500DE6C6C /* Products */;
			projectDirPath = "";
			projectRoot = "";
			targets = (
				14D35CEE207DC49500DE6C6C /* ToDo */,
			);
		};
/* End PBXProject section */

/* Begin PBXResourcesBuildPhase section */
		14D35CED207DC49500DE6C6C /* Resources */ = {
			isa = PBXResourcesBuildPhase;
			buildActionMask = 2147483647;
			files = (
				14D35CFD207DC49600DE6C6C /* LaunchScreen.storyboard in Resources */,
				14D35CFA207DC49600DE6C6C /* Assets.xcassets in Resources */,
				14D35CF8207DC49500DE6C6C /* Main.storyboard in Resources */,
			);
			runOnlyForDeploymentPostprocessing = 0;
		};
/* End PBXResourcesBuildPhase section */

/* Begin PBXShellScriptBuildPhase section */
		3F5F330CD7D6B26319E96773 /* [CP] Embed Pods Frameworks */ = {
			isa = PBXShellScriptBuildPhase;
			buildActionMask = 2147483647;
			files = (
			);
			inputPaths = (
				"${SRCROOT}/Pods/Target Support Files/Pods-ToDo/Pods-ToDo-frameworks.sh",
				"${BUILT_PRODUCTS_DIR}/Realm/Realm.framework",
				"${BUILT_PRODUCTS_DIR}/RealmSwift/RealmSwift.framework",
			);
			name = "[CP] Embed Pods Frameworks";
			outputPaths = (
				"${TARGET_BUILD_DIR}/${FRAMEWORKS_FOLDER_PATH}/Realm.framework",
				"${TARGET_BUILD_DIR}/${FRAMEWORKS_FOLDER_PATH}/RealmSwift.framework",
			);
			runOnlyForDeploymentPostprocessing = 0;
			shellPath = /bin/sh;
			shellScript = "\"${SRCROOT}/Pods/Target Support Files/Pods-ToDo/Pods-ToDo-frameworks.sh\"\n";
			showEnvVarsInLog = 0;
		};
		5F11592A50CDE2942EB91605 /* [CP] Copy Pods Resources */ = {
			isa = PBXShellScriptBuildPhase;
			buildActionMask = 2147483647;
			files = (
			);
			inputPaths = (
			);
			name = "[CP] Copy Pods Resources";
			outputPaths = (
			);
			runOnlyForDeploymentPostprocessing = 0;
			shellPath = /bin/sh;
			shellScript = "\"${SRCROOT}/Pods/Target Support Files/Pods-ToDo/Pods-ToDo-resources.sh\"\n";
			showEnvVarsInLog = 0;
		};
		DD01D07B8FC3A2AC260AB032 /* [CP] Check Pods Manifest.lock */ = {
			isa = PBXShellScriptBuildPhase;
			buildActionMask = 2147483647;
			files = (
			);
			inputPaths = (
				"${PODS_PODFILE_DIR_PATH}/Podfile.lock",
				"${PODS_ROOT}/Manifest.lock",
			);
			name = "[CP] Check Pods Manifest.lock";
			outputPaths = (
				"$(DERIVED_FILE_DIR)/Pods-ToDo-checkManifestLockResult.txt",
			);
			runOnlyForDeploymentPostprocessing = 0;
			shellPath = /bin/sh;
			shellScript = "diff \"${PODS_PODFILE_DIR_PATH}/Podfile.lock\" \"${PODS_ROOT}/Manifest.lock\" > /dev/null\nif [ $? != 0 ] ; then\n    # print error to STDERR\n    echo \"error: The sandbox is not in sync with the Podfile.lock. Run 'pod install' or update your CocoaPods installation.\" >&2\n    exit 1\nfi\n# This output is used by Xcode 'outputs' to avoid re-running this script phase.\necho \"SUCCESS\" > \"${SCRIPT_OUTPUT_FILE_0}\"\n";
			showEnvVarsInLog = 0;
		};
/* End PBXShellScriptBuildPhase section */

/* Begin PBXSourcesBuildPhase section */
		14D35CEB207DC49500DE6C6C /* Sources */ = {
			isa = PBXSourcesBuildPhase;
			buildActionMask = 2147483647;
			files = (
				147242DE2084568300B38EE2 /* CategoryViewController.swift in Sources */,
				14D35CF5207DC49500DE6C6C /* TodoListViewController.swift in Sources */,
				14F23865207F27CC005E51AA /* DataModel.xcdatamodeld in Sources */,
				14D35CF3207DC49500DE6C6C /* AppDelegate.swift in Sources */,
			);
			runOnlyForDeploymentPostprocessing = 0;
		};
/* End PBXSourcesBuildPhase section */

/* Begin PBXVariantGroup section */
		14D35CF6207DC49500DE6C6C /* Main.storyboard */ = {
			isa = PBXVariantGroup;
			children = (
				14D35CF7207DC49500DE6C6C /* Base */,
			);
			name = Main.storyboard;
			sourceTree = "<group>";
		};
		14D35CFB207DC49600DE6C6C /* LaunchScreen.storyboard */ = {
			isa = PBXVariantGroup;
			children = (
				14D35CFC207DC49600DE6C6C /* Base */,
			);
			name = LaunchScreen.storyboard;
			sourceTree = "<group>";
		};
/* End PBXVariantGroup section */

/* Begin XCBuildConfiguration section */
		14D35CFF207DC49600DE6C6C /* Debug */ = {
			isa = XCBuildConfiguration;
			buildSettings = {
				ALWAYS_SEARCH_USER_PATHS = NO;
				CLANG_ANALYZER_NONNULL = YES;
				CLANG_ANALYZER_NUMBER_OBJECT_CONVERSION = YES_AGGRESSIVE;
				CLANG_CXX_LANGUAGE_STANDARD = "gnu++14";
				CLANG_CXX_LIBRARY = "libc++";
				CLANG_ENABLE_MODULES = YES;
				CLANG_ENABLE_OBJC_ARC = YES;
				CLANG_ENABLE_OBJC_WEAK = YES;
				CLANG_WARN_BLOCK_CAPTURE_AUTORELEASING = YES;
				CLANG_WARN_BOOL_CONVERSION = YES;
				CLANG_WARN_COMMA = YES;
				CLANG_WARN_CONSTANT_CONVERSION = YES;
				CLANG_WARN_DEPRECATED_OBJC_IMPLEMENTATIONS = YES;
				CLANG_WARN_DIRECT_OBJC_ISA_USAGE = YES_ERROR;
				CLANG_WARN_DOCUMENTATION_COMMENTS = YES;
				CLANG_WARN_EMPTY_BODY = YES;
				CLANG_WARN_ENUM_CONVERSION = YES;
				CLANG_WARN_INFINITE_RECURSION = YES;
				CLANG_WARN_INT_CONVERSION = YES;
				CLANG_WARN_NON_LITERAL_NULL_CONVERSION = YES;
				CLANG_WARN_OBJC_IMPLICIT_RETAIN_SELF = YES;
				CLANG_WARN_OBJC_LITERAL_CONVERSION = YES;
				CLANG_WARN_OBJC_ROOT_CLASS = YES_ERROR;
				CLANG_WARN_RANGE_LOOP_ANALYSIS = YES;
				CLANG_WARN_STRICT_PROTOTYPES = YES;
				CLANG_WARN_SUSPICIOUS_MOVE = YES;
				CLANG_WARN_UNGUARDED_AVAILABILITY = YES_AGGRESSIVE;
				CLANG_WARN_UNREACHABLE_CODE = YES;
				CLANG_WARN__DUPLICATE_METHOD_MATCH = YES;
				CODE_SIGN_IDENTITY = "iPhone Developer";
				COPY_PHASE_STRIP = NO;
				DEBUG_INFORMATION_FORMAT = dwarf;
				ENABLE_STRICT_OBJC_MSGSEND = YES;
				ENABLE_TESTABILITY = YES;
				GCC_C_LANGUAGE_STANDARD = gnu11;
				GCC_DYNAMIC_NO_PIC = NO;
				GCC_NO_COMMON_BLOCKS = YES;
				GCC_OPTIMIZATION_LEVEL = 0;
				GCC_PREPROCESSOR_DEFINITIONS = (
					"DEBUG=1",
					"$(inherited)",
				);
				GCC_WARN_64_TO_32_BIT_CONVERSION = YES;
				GCC_WARN_ABOUT_RETURN_TYPE = YES_ERROR;
				GCC_WARN_UNDECLARED_SELECTOR = YES;
				GCC_WARN_UNINITIALIZED_AUTOS = YES_AGGRESSIVE;
				GCC_WARN_UNUSED_FUNCTION = YES;
				GCC_WARN_UNUSED_VARIABLE = YES;
				IPHONEOS_DEPLOYMENT_TARGET = 11.3;
				MTL_ENABLE_DEBUG_INFO = YES;
				ONLY_ACTIVE_ARCH = YES;
				SDKROOT = iphoneos;
				SWIFT_ACTIVE_COMPILATION_CONDITIONS = DEBUG;
				SWIFT_OPTIMIZATION_LEVEL = "-Onone";
			};
			name = Debug;
		};
		14D35D00207DC49600DE6C6C /* Release */ = {
			isa = XCBuildConfiguration;
			buildSettings = {
				ALWAYS_SEARCH_USER_PATHS = NO;
				CLANG_ANALYZER_NONNULL = YES;
				CLANG_ANALYZER_NUMBER_OBJECT_CONVERSION = YES_AGGRESSIVE;
				CLANG_CXX_LANGUAGE_STANDARD = "gnu++14";
				CLANG_CXX_LIBRARY = "libc++";
				CLANG_ENABLE_MODULES = YES;
				CLANG_ENABLE_OBJC_ARC = YES;
				CLANG_ENABLE_OBJC_WEAK = YES;
				CLANG_WARN_BLOCK_CAPTURE_AUTORELEASING = YES;
				CLANG_WARN_BOOL_CONVERSION = YES;
				CLANG_WARN_COMMA = YES;
				CLANG_WARN_CONSTANT_CONVERSION = YES;
				CLANG_WARN_DEPRECATED_OBJC_IMPLEMENTATIONS = YES;
				CLANG_WARN_DIRECT_OBJC_ISA_USAGE = YES_ERROR;
				CLANG_WARN_DOCUMENTATION_COMMENTS = YES;
				CLANG_WARN_EMPTY_BODY = YES;
				CLANG_WARN_ENUM_CONVERSION = YES;
				CLANG_WARN_INFINITE_RECURSION = YES;
				CLANG_WARN_INT_CONVERSION = YES;
				CLANG_WARN_NON_LITERAL_NULL_CONVERSION = YES;
				CLANG_WARN_OBJC_IMPLICIT_RETAIN_SELF = YES;
				CLANG_WARN_OBJC_LITERAL_CONVERSION = YES;
				CLANG_WARN_OBJC_ROOT_CLASS = YES_ERROR;
				CLANG_WARN_RANGE_LOOP_ANALYSIS = YES;
				CLANG_WARN_STRICT_PROTOTYPES = YES;
				CLANG_WARN_SUSPICIOUS_MOVE = YES;
				CLANG_WARN_UNGUARDED_AVAILABILITY = YES_AGGRESSIVE;
				CLANG_WARN_UNREACHABLE_CODE = YES;
				CLANG_WARN__DUPLICATE_METHOD_MATCH = YES;
				CODE_SIGN_IDENTITY = "iPhone Developer";
				COPY_PHASE_STRIP = NO;
				DEBUG_INFORMATION_FORMAT = "dwarf-with-dsym";
				ENABLE_NS_ASSERTIONS = NO;
				ENABLE_STRICT_OBJC_MSGSEND = YES;
				GCC_C_LANGUAGE_STANDARD = gnu11;
				GCC_NO_COMMON_BLOCKS = YES;
				GCC_WARN_64_TO_32_BIT_CONVERSION = YES;
				GCC_WARN_ABOUT_RETURN_TYPE = YES_ERROR;
				GCC_WARN_UNDECLARED_SELECTOR = YES;
				GCC_WARN_UNINITIALIZED_AUTOS = YES_AGGRESSIVE;
				GCC_WARN_UNUSED_FUNCTION = YES;
				GCC_WARN_UNUSED_VARIABLE = YES;
				IPHONEOS_DEPLOYMENT_TARGET = 11.3;
				MTL_ENABLE_DEBUG_INFO = NO;
				SDKROOT = iphoneos;
				SWIFT_COMPILATION_MODE = wholemodule;
				SWIFT_OPTIMIZATION_LEVEL = "-O";
				VALIDATE_PRODUCT = YES;
			};
			name = Release;
		};
		14D35D02207DC49600DE6C6C /* Debug */ = {
			isa = XCBuildConfiguration;
			baseConfigurationReference = 7770E9B92078D8C84875ED82 /* Pods-ToDo.debug.xcconfig */;
			buildSettings = {
				ASSETCATALOG_COMPILER_APPICON_NAME = AppIcon;
				CODE_SIGN_STYLE = Automatic;
				DEVELOPMENT_TEAM = 7FPR3TKV66;
				INFOPLIST_FILE = ToDo/Info.plist;
				LD_RUNPATH_SEARCH_PATHS = "$(inherited) @executable_path/Frameworks";
				PRODUCT_BUNDLE_IDENTIFIER = com.ApurvaPatel.ToDo;
				PRODUCT_NAME = "$(TARGET_NAME)";
				SWIFT_VERSION = 4.0;
				TARGETED_DEVICE_FAMILY = "1,2";
			};
			name = Debug;
		};
		14D35D03207DC49600DE6C6C /* Release */ = {
			isa = XCBuildConfiguration;
			baseConfigurationReference = 64E25F1427756B0D9FEE42FD /* Pods-ToDo.release.xcconfig */;
			buildSettings = {
				ASSETCATALOG_COMPILER_APPICON_NAME = AppIcon;
				CODE_SIGN_STYLE = Automatic;
				DEVELOPMENT_TEAM = 7FPR3TKV66;
				INFOPLIST_FILE = ToDo/Info.plist;
				LD_RUNPATH_SEARCH_PATHS = "$(inherited) @executable_path/Frameworks";
				PRODUCT_BUNDLE_IDENTIFIER = com.ApurvaPatel.ToDo;
				PRODUCT_NAME = "$(TARGET_NAME)";
				SWIFT_VERSION = 4.0;
				TARGETED_DEVICE_FAMILY = "1,2";
			};
			name = Release;
		};
/* End XCBuildConfiguration section */

/* Begin XCConfigurationList section */
		14D35CEA207DC49500DE6C6C /* Build configuration list for PBXProject "ToDo" */ = {
			isa = XCConfigurationList;
			buildConfigurations = (
				14D35CFF207DC49600DE6C6C /* Debug */,
				14D35D00207DC49600DE6C6C /* Release */,
			);
			defaultConfigurationIsVisible = 0;
			defaultConfigurationName = Release;
		};
		14D35D01207DC49600DE6C6C /* Build configuration list for PBXNativeTarget "ToDo" */ = {
			isa = XCConfigurationList;
			buildConfigurations = (
				14D35D02207DC49600DE6C6C /* Debug */,
				14D35D03207DC49600DE6C6C /* Release */,
			);
			defaultConfigurationIsVisible = 0;
			defaultConfigurationName = Release;
		};
/* End XCConfigurationList section */

/* Begin XCVersionGroup section */
		14F23863207F27CC005E51AA /* DataModel.xcdatamodeld */ = {
			isa = XCVersionGroup;
			children = (
				14F23864207F27CC005E51AA /* DataModel.xcdatamodel */,
			);
			currentVersion = 14F23864207F27CC005E51AA /* DataModel.xcdatamodel */;
			path = DataModel.xcdatamodeld;
			sourceTree = "<group>";
			versionGroupType = wrapper.xcdatamodel;
		};
/* End XCVersionGroup section */
	};
	rootObject = 14D35CE7207DC49500DE6C6C /* Project object */;
}
